
Microsoft Visual Studio Solution File, Format Version 12.00
# Visual Studio Version 17
VisualStudioVersion = 17.10.34928.147
MinimumVisualStudioVersion = 10.0.40219.1
Project("{FAE04EC0-301F-11D3-BF4B-00C04F79EFBC}") = "LibraryAPI", "LibraryAPI.csproj", "{B9288286-59CF-424F-B561-AFAACFCAC6BF}"
EndProject
Global
	GlobalSection(SolutionConfigurationPlatforms) = preSolution
		Debug|Any CPU = Debug|Any CPU
		Release|Any CPU = Release|Any CPU
	EndGlobalSection
	GlobalSection(ProjectConfigurationPlatforms) = postSolution
		{B9288286-59CF-424F-B561-AFAACFCAC6BF}.Debug|Any CPU.ActiveCfg = Debug|Any CPU
		{B9288286-59CF-424F-B561-AFAACFCAC6BF}.Debug|Any CPU.Build.0 = Debug|Any CPU
		{B9288286-59CF-424F-B561-AFAACFCAC6BF}.Release|Any CPU.ActiveCfg = Release|Any CPU
		{B9288286-59CF-424F-B561-AFAACFCAC6BF}.Release|Any CPU.Build.0 = Release|Any CPU
	EndGlobalSection
	GlobalSection(SolutionProperties) = preSolution
		HideSolutionNode = FALSE
	EndGlobalSection
	GlobalSection(ExtensibilityGlobals) = postSolution
		SolutionGuid = {EA9C1A26-593F-458C-B162-350673903354}
	EndGlobalSection
EndGlobal
